
Microsoft Visual Studio Solution File, Format Version 12.00
# Visual Studio Version 16
VisualStudioVersion = 16.0.29613.14
MinimumVisualStudioVersion = 10.0.40219.1
Project("{FAE04EC0-301F-11D3-BF4B-00C04F79EFBC}") = "SerializeJsonDemo", "SerializeJsonDemo.csproj", "{C349A0CA-971A-4B93-9609-4127730D7F4D}"
EndProject
Global
	GlobalSection(SolutionConfigurationPlatforms) = preSolution
		Debug|Any CPU = Debug|Any CPU
		Release|Any CPU = Release|Any CPU
	EndGlobalSection
	GlobalSection(ProjectConfigurationPlatforms) = postSolution
		{C349A0CA-971A-4B93-9609-4127730D7F4D}.Debug|Any CPU.ActiveCfg = Debug|Any CPU
		{C349A0CA-971A-4B93-9609-4127730D7F4D}.Debug|Any CPU.Build.0 = Debug|Any CPU
		{C349A0CA-971A-4B93-9609-4127730D7F4D}.Release|Any CPU.ActiveCfg = Release|Any CPU
		{C349A0CA-971A-4B93-9609-4127730D7F4D}.Release|Any CPU.Build.0 = Release|Any CPU
	EndGlobalSection
	GlobalSection(SolutionProperties) = preSolution
		HideSolutionNode = FALSE
	EndGlobalSection
	GlobalSection(ExtensibilityGlobals) = postSolution
		SolutionGuid = {AB9F0B31-3337-4434-A1C4-DDB7659ED53E}
	EndGlobalSection
EndGlobal
